
Microsoft Visual Studio Solution File, Format Version 12.00
# Visual Studio 15
VisualStudioVersion = 15.0.28307.1705
MinimumVisualStudioVersion = 10.0.40219.1
Project("{FAE04EC0-301F-11D3-BF4B-00C04F79EFBC}") = "MFCA", "MFCA\MFCA.csproj", "{768B1718-75EE-4AFB-BB70-93CE9F8AD7FC}"
EndProject
Global
	GlobalSection(SolutionConfigurationPlatforms) = preSolution
		Debug|Any CPU = Debug|Any CPU
		Release|Any CPU = Release|Any CPU
	EndGlobalSection
	GlobalSection(ProjectConfigurationPlatforms) = postSolution
		{768B1718-75EE-4AFB-BB70-93CE9F8AD7FC}.Debug|Any CPU.ActiveCfg = Debug|Any CPU
		{768B1718-75EE-4AFB-BB70-93CE9F8AD7FC}.Debug|Any CPU.Build.0 = Debug|Any CPU
		{768B1718-75EE-4AFB-BB70-93CE9F8AD7FC}.Release|Any CPU.ActiveCfg = Release|Any CPU
		{768B1718-75EE-4AFB-BB70-93CE9F8AD7FC}.Release|Any CPU.Build.0 = Release|Any CPU
	EndGlobalSection
	GlobalSection(SolutionProperties) = preSolution
		HideSolutionNode = FALSE
	EndGlobalSection
	GlobalSection(ExtensibilityGlobals) = postSolution
		SolutionGuid = {4EBEA3E5-11D0-4BBD-80D9-3B366851AA52}
	EndGlobalSection
EndGlobal
